
Microsoft Visual Studio Solution File, Format Version 12.00
# Visual Studio 15
VisualStudioVersion = 15.0.27309.0
MinimumVisualStudioVersion = 10.0.40219.1
Project("{9A19103F-16F7-4668-BE54-9A1E7A4F7556}") = "RazorIdeTesting", "RazorIdeTesting.csproj", "{26514A1A-4CEA-4C05-BA76-38A8452244AC}"
EndProject
Global
	GlobalSection(SolutionConfigurationPlatforms) = preSolution
		Debug|Any CPU = Debug|Any CPU
		Release|Any CPU = Release|Any CPU
	EndGlobalSection
	GlobalSection(ProjectConfigurationPlatforms) = postSolution
		{26514A1A-4CEA-4C05-BA76-38A8452244AC}.Debug|Any CPU.ActiveCfg = Debug|Any CPU
		{26514A1A-4CEA-4C05-BA76-38A8452244AC}.Debug|Any CPU.Build.0 = Debug|Any CPU
		{26514A1A-4CEA-4C05-BA76-38A8452244AC}.Release|Any CPU.ActiveCfg = Release|Any CPU
		{26514A1A-4CEA-4C05-BA76-38A8452244AC}.Release|Any CPU.Build.0 = Release|Any CPU
	EndGlobalSection
	GlobalSection(SolutionProperties) = preSolution
		HideSolutionNode = FALSE
	EndGlobalSection
	GlobalSection(ExtensibilityGlobals) = postSolution
		SolutionGuid = {FE7AD190-939E-41FF-B4D1-5DD4A2EAD3FD}
	EndGlobalSection
EndGlobal
